
Microsoft Visual Studio Solution File, Format Version 12.00
# Visual Studio Version 17
VisualStudioVersion = 17.9.34701.34
MinimumVisualStudioVersion = 10.0.40219.1
Project("{9A19103F-16F7-4668-BE54-9A1E7A4F7556}") = "InstantFishing", "Mods\InstantFishing\InstantFishing.csproj", "{BAC80B96-32CC-4EEB-92A7-29AF285E1A86}"
EndProject
Project("{9A19103F-16F7-4668-BE54-9A1E7A4F7556}") = "ModelSwap", "Mods\ModelSwap\ModelSwap.csproj", "{F0B78EDF-5955-46AF-98A9-974ED2163721}"
EndProject
Project("{9A19103F-16F7-4668-BE54-9A1E7A4F7556}") = "TamerExpMultiplier", "Mods\TamerExpMultiplier\TamerExpMultiplier.csproj", "{1ED2DE10-585D-465E-990F-25C77A012FA3}"
EndProject
Project("{9A19103F-16F7-4668-BE54-9A1E7A4F7556}") = "DeathSync", "Mods\DeathSync\DeathSync.csproj", "{58C6E26C-6185-4732-9227-63CE108EF6EE}"
EndProject
Project("{9A19103F-16F7-4668-BE54-9A1E7A4F7556}") = "DWNOLib", "Mods\DWNOLib\DWNOLib.csproj", "{5BEF3372-C4BD-4FEB-8C95-00C332C1DE4C}"
EndProject
Project("{9A19103F-16F7-4668-BE54-9A1E7A4F7556}") = "Randomizer", "Mods\Randomizer\Randomizer.csproj", "{ABE36B0E-225F-4397-BF6C-C310EB55440B}"
EndProject
Project("{9A19103F-16F7-4668-BE54-9A1E7A4F7556}") = "OnePartner", "Mods\OnePartner\OnePartner.csproj", "{EA055545-4602-483E-B7FF-D27E7782F60A}"
EndProject
Project("{9A19103F-16F7-4668-BE54-9A1E7A4F7556}") = "SkipTutorials", "Mods\SkipTutorials\SkipTutorials.csproj", "{FD650E79-A05C-46B9-8FB6-E32B8C9694D2}"
EndProject
Project("{9A19103F-16F7-4668-BE54-9A1E7A4F7556}") = "DescriptiveEnemies", "Mods\DescriptiveEnemies\DescriptiveEnemies.csproj", "{399C0B82-FFC3-4582-8C54-88085FAE0A86}"
EndProject
Project("{9A19103F-16F7-4668-BE54-9A1E7A4F7556}") = "BlockAllEvoPaths", "Mods\BlockAllEvoPaths\BlockAllEvoPaths.csproj", "{1BE76FC8-63C7-4735-84EB-315EE6504C26}"
EndProject
Project("{9A19103F-16F7-4668-BE54-9A1E7A4F7556}") = "SeamlessBattle", "Mods\SeamlessBattle\SeamlessBattle.csproj", "{79BBC1DA-4971-4596-B306-A199E9C03784}"
EndProject
Project("{9A19103F-16F7-4668-BE54-9A1E7A4F7556}") = "AlwaysSpawnEnemies", "Mods\AlwaysSpawnEnemies\AlwaysSpawnEnemies.csproj", "{06763078-697D-43D7-A230-1DE25090ED78}"
EndProject
Project("{9A19103F-16F7-4668-BE54-9A1E7A4F7556}") = "BetterBattleCamera", "Mods\BetterBattleCamera\BetterBattleCamera.csproj", "{28DE1A27-AB47-4C5E-B955-AC45F28D3B09}"
EndProject
Global
	GlobalSection(SolutionConfigurationPlatforms) = preSolution
		Debug|Any CPU = Debug|Any CPU
		Release|Any CPU = Release|Any CPU
	EndGlobalSection
	GlobalSection(ProjectConfigurationPlatforms) = postSolution
		{BAC80B96-32CC-4EEB-92A7-29AF285E1A86}.Debug|Any CPU.ActiveCfg = Debug|Any CPU
		{BAC80B96-32CC-4EEB-92A7-29AF285E1A86}.Debug|Any CPU.Build.0 = Debug|Any CPU
		{BAC80B96-32CC-4EEB-92A7-29AF285E1A86}.Release|Any CPU.ActiveCfg = Release|Any CPU
		{BAC80B96-32CC-4EEB-92A7-29AF285E1A86}.Release|Any CPU.Build.0 = Release|Any CPU
		{F0B78EDF-5955-46AF-98A9-974ED2163721}.Debug|Any CPU.ActiveCfg = Debug|Any CPU
		{F0B78EDF-5955-46AF-98A9-974ED2163721}.Debug|Any CPU.Build.0 = Debug|Any CPU
		{F0B78EDF-5955-46AF-98A9-974ED2163721}.Release|Any CPU.ActiveCfg = Release|Any CPU
		{F0B78EDF-5955-46AF-98A9-974ED2163721}.Release|Any CPU.Build.0 = Release|Any CPU
		{1ED2DE10-585D-465E-990F-25C77A012FA3}.Debug|Any CPU.ActiveCfg = Debug|Any CPU
		{1ED2DE10-585D-465E-990F-25C77A012FA3}.Debug|Any CPU.Build.0 = Debug|Any CPU
		{1ED2DE10-585D-465E-990F-25C77A012FA3}.Release|Any CPU.ActiveCfg = Release|Any CPU
		{1ED2DE10-585D-465E-990F-25C77A012FA3}.Release|Any CPU.Build.0 = Release|Any CPU
		{58C6E26C-6185-4732-9227-63CE108EF6EE}.Debug|Any CPU.ActiveCfg = Debug|Any CPU
		{58C6E26C-6185-4732-9227-63CE108EF6EE}.Debug|Any CPU.Build.0 = Debug|Any CPU
		{58C6E26C-6185-4732-9227-63CE108EF6EE}.Release|Any CPU.ActiveCfg = Release|Any CPU
		{58C6E26C-6185-4732-9227-63CE108EF6EE}.Release|Any CPU.Build.0 = Release|Any CPU
		{5BEF3372-C4BD-4FEB-8C95-00C332C1DE4C}.Debug|Any CPU.ActiveCfg = Debug|Any CPU
		{5BEF3372-C4BD-4FEB-8C95-00C332C1DE4C}.Debug|Any CPU.Build.0 = Debug|Any CPU
		{5BEF3372-C4BD-4FEB-8C95-00C332C1DE4C}.Release|Any CPU.ActiveCfg = Release|Any CPU
		{5BEF3372-C4BD-4FEB-8C95-00C332C1DE4C}.Release|Any CPU.Build.0 = Release|Any CPU
		{ABE36B0E-225F-4397-BF6C-C310EB55440B}.Debug|Any CPU.ActiveCfg = Debug|Any CPU
		{ABE36B0E-225F-4397-BF6C-C310EB55440B}.Debug|Any CPU.Build.0 = Debug|Any CPU
		{ABE36B0E-225F-4397-BF6C-C310EB55440B}.Release|Any CPU.ActiveCfg = Release|Any CPU
		{ABE36B0E-225F-4397-BF6C-C310EB55440B}.Release|Any CPU.Build.0 = Release|Any CPU
		{EA055545-4602-483E-B7FF-D27E7782F60A}.Debug|Any CPU.ActiveCfg = Debug|Any CPU
		{EA055545-4602-483E-B7FF-D27E7782F60A}.Debug|Any CPU.Build.0 = Debug|Any CPU
		{EA055545-4602-483E-B7FF-D27E7782F60A}.Release|Any CPU.ActiveCfg = Release|Any CPU
		{EA055545-4602-483E-B7FF-D27E7782F60A}.Release|Any CPU.Build.0 = Release|Any CPU
		{FD650E79-A05C-46B9-8FB6-E32B8C9694D2}.Debug|Any CPU.ActiveCfg = Debug|Any CPU
		{FD650E79-A05C-46B9-8FB6-E32B8C9694D2}.Debug|Any CPU.Build.0 = Debug|Any CPU
		{FD650E79-A05C-46B9-8FB6-E32B8C9694D2}.Release|Any CPU.ActiveCfg = Release|Any CPU
		{FD650E79-A05C-46B9-8FB6-E32B8C9694D2}.Release|Any CPU.Build.0 = Release|Any CPU
		{399C0B82-FFC3-4582-8C54-88085FAE0A86}.Debug|Any CPU.ActiveCfg = Debug|Any CPU
		{399C0B82-FFC3-4582-8C54-88085FAE0A86}.Debug|Any CPU.Build.0 = Debug|Any CPU
		{399C0B82-FFC3-4582-8C54-88085FAE0A86}.Release|Any CPU.ActiveCfg = Release|Any CPU
		{399C0B82-FFC3-4582-8C54-88085FAE0A86}.Release|Any CPU.Build.0 = Release|Any CPU
		{1BE76FC8-63C7-4735-84EB-315EE6504C26}.Debug|Any CPU.ActiveCfg = Debug|Any CPU
		{1BE76FC8-63C7-4735-84EB-315EE6504C26}.Debug|Any CPU.Build.0 = Debug|Any CPU
		{1BE76FC8-63C7-4735-84EB-315EE6504C26}.Release|Any CPU.ActiveCfg = Release|Any CPU
		{1BE76FC8-63C7-4735-84EB-315EE6504C26}.Release|Any CPU.Build.0 = Release|Any CPU
		{79BBC1DA-4971-4596-B306-A199E9C03784}.Debug|Any CPU.ActiveCfg = Debug|Any CPU
		{79BBC1DA-4971-4596-B306-A199E9C03784}.Debug|Any CPU.Build.0 = Debug|Any CPU
		{79BBC1DA-4971-4596-B306-A199E9C03784}.Release|Any CPU.ActiveCfg = Release|Any CPU
		{79BBC1DA-4971-4596-B306-A199E9C03784}.Release|Any CPU.Build.0 = Release|Any CPU
		{06763078-697D-43D7-A230-1DE25090ED78}.Debug|Any CPU.ActiveCfg = Debug|Any CPU
		{06763078-697D-43D7-A230-1DE25090ED78}.Debug|Any CPU.Build.0 = Debug|Any CPU
		{06763078-697D-43D7-A230-1DE25090ED78}.Release|Any CPU.ActiveCfg = Release|Any CPU
		{06763078-697D-43D7-A230-1DE25090ED78}.Release|Any CPU.Build.0 = Release|Any CPU
		{28DE1A27-AB47-4C5E-B955-AC45F28D3B09}.Debug|Any CPU.ActiveCfg = Debug|Any CPU
		{28DE1A27-AB47-4C5E-B955-AC45F28D3B09}.Debug|Any CPU.Build.0 = Debug|Any CPU
		{28DE1A27-AB47-4C5E-B955-AC45F28D3B09}.Release|Any CPU.ActiveCfg = Release|Any CPU
		{28DE1A27-AB47-4C5E-B955-AC45F28D3B09}.Release|Any CPU.Build.0 = Release|Any CPU
	EndGlobalSection
	GlobalSection(SolutionProperties) = preSolution
		HideSolutionNode = FALSE
	EndGlobalSection
	GlobalSection(ExtensibilityGlobals) = postSolution
		SolutionGuid = {862A8E08-5281-422D-AA58-F966E6D81203}
	EndGlobalSection
EndGlobal
